{
  "name": "ag-ui-research-agent",
  "lockfileVersion": 3,
  "requires": true,
  "packages": {
    "": {
      "dependencies": {
        "poetry": "^0.6.29"
      }
    },
    "node_modules/poetry": {
      "version": "0.6.29",
      "resolved": "https://registry.npmjs.org/poetry/-/poetry-0.6.29.tgz",
      "integrity": "sha512-NJUEdQnYyrmhu+JyO0KkZU4IB+B3P9lM3Xrn2RyzGWmNDaYD3qNKxfcENnh8KXcTV9xWk2SuE5n2270xnn5vhw==",
      "license": "ISC"
    }
  }
}
